# @generated by Move, please check-in and do not edit manually.

[move]
version = 0
manifest_digest = "D3DDDA75ECA15A3437DEF45480B354820E35A44D31F88C4192138AF4F555C212"
deps_digest = "F8BBB0CCB2491CA29A3DF03D6F92277A4F3574266507ACD77214D37ECA3F3082"

dependencies = [
  { name = "Sui" },
]

[[move.package]]
name = "MoveStdlib"
source = { git = "https://github.com/MystenLabs/sui.git", rev = "devnet", subdir = "crates/sui-framework/packages/move-stdlib" }

[[move.package]]
name = "Sui"
source = { git = "https://github.com/MystenLabs/sui.git", rev = "devnet", subdir = "crates/sui-framework/packages/sui-framework/" }

dependencies = [
  { name = "MoveStdlib" },
]
